
Microsoft Visual Studio Solution File, Format Version 12.00
# Visual Studio Version 17
VisualStudioVersion = 17.14.36408.4
MinimumVisualStudioVersion = 10.0.40219.1
Project("{8BC9CEB8-8B4A-11D0-8D11-00A0C91BC942}") = "SP_LB2-1", "SP_LB2-1\SP_LB2-1.vcxproj", "{C00F000A-B24C-4E9A-B186-F7F133EF973F}"
EndProject
Project("{8BC9CEB8-8B4A-11D0-8D11-00A0C91BC942}") = "SP_LB2-1_5", "SP_LB2-1_5\SP_LB2-1_5.vcxproj", "{EAEBF3F0-E226-4843-9C8C-9BCBC3E782C2}"
EndProject
Project("{8BC9CEB8-8B4A-11D0-8D11-00A0C91BC942}") = "TestProc", "TestProc\TestProc.vcxproj", "{ECA5E966-F5A0-4F9C-A874-4B2C958AE96C}"
EndProject
Project("{8BC9CEB8-8B4A-11D0-8D11-00A0C91BC942}") = "MULTITHREAD_1", "MULTITHREAD_1\MULTITHREAD_1.vcxproj", "{C014F4C0-7689-4C04-957E-8845B2892024}"
EndProject
Project("{8BC9CEB8-8B4A-11D0-8D11-00A0C91BC942}") = "two streams in a console", "two streams in a console\two streams in a console.vcxproj", "{5C370186-C444-46ED-97A7-917F0AEE024E}"
EndProject
Project("{8BC9CEB8-8B4A-11D0-8D11-00A0C91BC942}") = "SP_LB2-2", "SP_LB2-2\SP_LB2-2.vcxproj", "{15A6CD80-4F77-4184-B10C-A32FAEE424C6}"
EndProject
Project("{8BC9CEB8-8B4A-11D0-8D11-00A0C91BC942}") = "SP_LB2-3", "SP_LB2-3\SP_LB2-3.vcxproj", "{E46D48B2-3D3A-4725-AB3D-584D4D9B6C74}"
EndProject
Project("{8BC9CEB8-8B4A-11D0-8D11-00A0C91BC942}") = "Lb24_Goncharov", "Lb24_Goncharov\Lb24_Goncharov.vcxproj", "{B2B8522E-4DAA-4BE2-9FCA-40CB71BD6E62}"
EndProject
Project("{8BC9CEB8-8B4A-11D0-8D11-00A0C91BC942}") = "ClientLB24Imp", "ClientLB24Imp\ClientLB24Imp.vcxproj", "{CA770C40-BCE1-4F15-BBE2-F1BDBEB95326}"
	ProjectSection(ProjectDependencies) = postProject
		{B2B8522E-4DAA-4BE2-9FCA-40CB71BD6E62} = {B2B8522E-4DAA-4BE2-9FCA-40CB71BD6E62}
	EndProjectSection
EndProject
Project("{8BC9CEB8-8B4A-11D0-8D11-00A0C91BC942}") = "ClientLB24Exp", "ClientLB24Exp\ClientLB24Exp.vcxproj", "{7DFFA46A-4059-4023-8B85-68552182F905}"
	ProjectSection(ProjectDependencies) = postProject
		{B2B8522E-4DAA-4BE2-9FCA-40CB71BD6E62} = {B2B8522E-4DAA-4BE2-9FCA-40CB71BD6E62}
	EndProjectSection
EndProject
Project("{8BC9CEB8-8B4A-11D0-8D11-00A0C91BC942}") = "TextProcessor", "TextProcessor\TextProcessor.vcxproj", "{D96EA0D6-8863-4326-ABE9-D15EEDF94017}"
EndProject
Project("{8BC9CEB8-8B4A-11D0-8D11-00A0C91BC942}") = "ClientTextProcessor", "ClientTextProcessor\ClientTextProcessor.vcxproj", "{BC529648-F130-440E-8080-59F26C508A81}"
	ProjectSection(ProjectDependencies) = postProject
		{D96EA0D6-8863-4326-ABE9-D15EEDF94017} = {D96EA0D6-8863-4326-ABE9-D15EEDF94017}
	EndProjectSection
EndProject
Project("{8BC9CEB8-8B4A-11D0-8D11-00A0C91BC942}") = "SimpleTest", "SimpleTest\SimpleTest.vcxproj", "{A1C53F68-02B9-483A-951D-4758361C0E43}"
EndProject
Global
	GlobalSection(SolutionConfigurationPlatforms) = preSolution
		Debug|x64 = Debug|x64
		Debug|x86 = Debug|x86
		Release|x64 = Release|x64
		Release|x86 = Release|x86
	EndGlobalSection
	GlobalSection(ProjectConfigurationPlatforms) = postSolution
		{C00F000A-B24C-4E9A-B186-F7F133EF973F}.Debug|x64.ActiveCfg = Debug|x64
		{C00F000A-B24C-4E9A-B186-F7F133EF973F}.Debug|x64.Build.0 = Debug|x64
		{C00F000A-B24C-4E9A-B186-F7F133EF973F}.Debug|x86.ActiveCfg = Debug|Win32
		{C00F000A-B24C-4E9A-B186-F7F133EF973F}.Debug|x86.Build.0 = Debug|Win32
		{C00F000A-B24C-4E9A-B186-F7F133EF973F}.Release|x64.ActiveCfg = Release|x64
		{C00F000A-B24C-4E9A-B186-F7F133EF973F}.Release|x64.Build.0 = Release|x64
		{C00F000A-B24C-4E9A-B186-F7F133EF973F}.Release|x86.ActiveCfg = Release|Win32
		{C00F000A-B24C-4E9A-B186-F7F133EF973F}.Release|x86.Build.0 = Release|Win32
		{EAEBF3F0-E226-4843-9C8C-9BCBC3E782C2}.Debug|x64.ActiveCfg = Debug|x64
		{EAEBF3F0-E226-4843-9C8C-9BCBC3E782C2}.Debug|x64.Build.0 = Debug|x64
		{EAEBF3F0-E226-4843-9C8C-9BCBC3E782C2}.Debug|x86.ActiveCfg = Debug|Win32
		{EAEBF3F0-E226-4843-9C8C-9BCBC3E782C2}.Debug|x86.Build.0 = Debug|Win32
		{EAEBF3F0-E226-4843-9C8C-9BCBC3E782C2}.Release|x64.ActiveCfg = Release|x64
		{EAEBF3F0-E226-4843-9C8C-9BCBC3E782C2}.Release|x64.Build.0 = Release|x64
		{EAEBF3F0-E226-4843-9C8C-9BCBC3E782C2}.Release|x86.ActiveCfg = Release|Win32
		{EAEBF3F0-E226-4843-9C8C-9BCBC3E782C2}.Release|x86.Build.0 = Release|Win32
		{ECA5E966-F5A0-4F9C-A874-4B2C958AE96C}.Debug|x64.ActiveCfg = Debug|x64
		{ECA5E966-F5A0-4F9C-A874-4B2C958AE96C}.Debug|x64.Build.0 = Debug|x64
		{ECA5E966-F5A0-4F9C-A874-4B2C958AE96C}.Debug|x86.ActiveCfg = Debug|Win32
		{ECA5E966-F5A0-4F9C-A874-4B2C958AE96C}.Debug|x86.Build.0 = Debug|Win32
		{ECA5E966-F5A0-4F9C-A874-4B2C958AE96C}.Release|x64.ActiveCfg = Release|x64
		{ECA5E966-F5A0-4F9C-A874-4B2C958AE96C}.Release|x64.Build.0 = Release|x64
		{ECA5E966-F5A0-4F9C-A874-4B2C958AE96C}.Release|x86.ActiveCfg = Release|Win32
		{ECA5E966-F5A0-4F9C-A874-4B2C958AE96C}.Release|x86.Build.0 = Release|Win32
		{C014F4C0-7689-4C04-957E-8845B2892024}.Debug|x64.ActiveCfg = Debug|x64
		{C014F4C0-7689-4C04-957E-8845B2892024}.Debug|x64.Build.0 = Debug|x64
		{C014F4C0-7689-4C04-957E-8845B2892024}.Debug|x86.ActiveCfg = Debug|Win32
		{C014F4C0-7689-4C04-957E-8845B2892024}.Debug|x86.Build.0 = Debug|Win32
		{C014F4C0-7689-4C04-957E-8845B2892024}.Release|x64.ActiveCfg = Release|x64
		{C014F4C0-7689-4C04-957E-8845B2892024}.Release|x64.Build.0 = Release|x64
		{C014F4C0-7689-4C04-957E-8845B2892024}.Release|x86.ActiveCfg = Release|Win32
		{C014F4C0-7689-4C04-957E-8845B2892024}.Release|x86.Build.0 = Release|Win32
		{5C370186-C444-46ED-97A7-917F0AEE024E}.Debug|x64.ActiveCfg = Debug|x64
		{5C370186-C444-46ED-97A7-917F0AEE024E}.Debug|x64.Build.0 = Debug|x64
		{5C370186-C444-46ED-97A7-917F0AEE024E}.Debug|x86.ActiveCfg = Debug|Win32
		{5C370186-C444-46ED-97A7-917F0AEE024E}.Debug|x86.Build.0 = Debug|Win32
		{5C370186-C444-46ED-97A7-917F0AEE024E}.Release|x64.ActiveCfg = Release|x64
		{5C370186-C444-46ED-97A7-917F0AEE024E}.Release|x64.Build.0 = Release|x64
		{5C370186-C444-46ED-97A7-917F0AEE024E}.Release|x86.ActiveCfg = Release|Win32
		{5C370186-C444-46ED-97A7-917F0AEE024E}.Release|x86.Build.0 = Release|Win32
		{15A6CD80-4F77-4184-B10C-A32FAEE424C6}.Debug|x64.ActiveCfg = Debug|x64
		{15A6CD80-4F77-4184-B10C-A32FAEE424C6}.Debug|x64.Build.0 = Debug|x64
		{15A6CD80-4F77-4184-B10C-A32FAEE424C6}.Debug|x86.ActiveCfg = Debug|Win32
		{15A6CD80-4F77-4184-B10C-A32FAEE424C6}.Debug|x86.Build.0 = Debug|Win32
		{15A6CD80-4F77-4184-B10C-A32FAEE424C6}.Release|x64.ActiveCfg = Release|x64
		{15A6CD80-4F77-4184-B10C-A32FAEE424C6}.Release|x64.Build.0 = Release|x64
		{15A6CD80-4F77-4184-B10C-A32FAEE424C6}.Release|x86.ActiveCfg = Release|Win32
		{15A6CD80-4F77-4184-B10C-A32FAEE424C6}.Release|x86.Build.0 = Release|Win32
		{E46D48B2-3D3A-4725-AB3D-584D4D9B6C74}.Debug|x64.ActiveCfg = Debug|x64
		{E46D48B2-3D3A-4725-AB3D-584D4D9B6C74}.Debug|x64.Build.0 = Debug|x64
		{E46D48B2-3D3A-4725-AB3D-584D4D9B6C74}.Debug|x86.ActiveCfg = Debug|Win32
		{E46D48B2-3D3A-4725-AB3D-584D4D9B6C74}.Debug|x86.Build.0 = Debug|Win32
		{E46D48B2-3D3A-4725-AB3D-584D4D9B6C74}.Release|x64.ActiveCfg = Release|x64
		{E46D48B2-3D3A-4725-AB3D-584D4D9B6C74}.Release|x64.Build.0 = Release|x64
		{E46D48B2-3D3A-4725-AB3D-584D4D9B6C74}.Release|x86.ActiveCfg = Release|Win32
		{E46D48B2-3D3A-4725-AB3D-584D4D9B6C74}.Release|x86.Build.0 = Release|Win32
		{B2B8522E-4DAA-4BE2-9FCA-40CB71BD6E62}.Debug|x64.ActiveCfg = Debug|x64
		{B2B8522E-4DAA-4BE2-9FCA-40CB71BD6E62}.Debug|x64.Build.0 = Debug|x64
		{B2B8522E-4DAA-4BE2-9FCA-40CB71BD6E62}.Debug|x86.ActiveCfg = Debug|Win32
		{B2B8522E-4DAA-4BE2-9FCA-40CB71BD6E62}.Debug|x86.Build.0 = Debug|Win32
		{B2B8522E-4DAA-4BE2-9FCA-40CB71BD6E62}.Release|x64.ActiveCfg = Release|x64
		{B2B8522E-4DAA-4BE2-9FCA-40CB71BD6E62}.Release|x64.Build.0 = Release|x64
		{B2B8522E-4DAA-4BE2-9FCA-40CB71BD6E62}.Release|x86.ActiveCfg = Release|Win32
		{B2B8522E-4DAA-4BE2-9FCA-40CB71BD6E62}.Release|x86.Build.0 = Release|Win32
		{CA770C40-BCE1-4F15-BBE2-F1BDBEB95326}.Debug|x64.ActiveCfg = Debug|x64
		{CA770C40-BCE1-4F15-BBE2-F1BDBEB95326}.Debug|x64.Build.0 = Debug|x64
		{CA770C40-BCE1-4F15-BBE2-F1BDBEB95326}.Debug|x86.ActiveCfg = Debug|Win32
		{CA770C40-BCE1-4F15-BBE2-F1BDBEB95326}.Debug|x86.Build.0 = Debug|Win32
		{CA770C40-BCE1-4F15-BBE2-F1BDBEB95326}.Release|x64.ActiveCfg = Release|x64
		{CA770C40-BCE1-4F15-BBE2-F1BDBEB95326}.Release|x64.Build.0 = Release|x64
		{CA770C40-BCE1-4F15-BBE2-F1BDBEB95326}.Release|x86.ActiveCfg = Release|Win32
		{CA770C40-BCE1-4F15-BBE2-F1BDBEB95326}.Release|x86.Build.0 = Release|Win32
		{7DFFA46A-4059-4023-8B85-68552182F905}.Debug|x64.ActiveCfg = Debug|x64
		{7DFFA46A-4059-4023-8B85-68552182F905}.Debug|x64.Build.0 = Debug|x64
		{7DFFA46A-4059-4023-8B85-68552182F905}.Debug|x86.ActiveCfg = Debug|Win32
		{7DFFA46A-4059-4023-8B85-68552182F905}.Debug|x86.Build.0 = Debug|Win32
		{7DFFA46A-4059-4023-8B85-68552182F905}.Release|x64.ActiveCfg = Release|x64
		{7DFFA46A-4059-4023-8B85-68552182F905}.Release|x64.Build.0 = Release|x64
		{7DFFA46A-4059-4023-8B85-68552182F905}.Release|x86.ActiveCfg = Release|Win32
		{7DFFA46A-4059-4023-8B85-68552182F905}.Release|x86.Build.0 = Release|Win32
		{D96EA0D6-8863-4326-ABE9-D15EEDF94017}.Debug|x64.ActiveCfg = Debug|x64
		{D96EA0D6-8863-4326-ABE9-D15EEDF94017}.Debug|x64.Build.0 = Debug|x64
		{D96EA0D6-8863-4326-ABE9-D15EEDF94017}.Debug|x86.ActiveCfg = Debug|Win32
		{D96EA0D6-8863-4326-ABE9-D15EEDF94017}.Debug|x86.Build.0 = Debug|Win32
		{D96EA0D6-8863-4326-ABE9-D15EEDF94017}.Release|x64.ActiveCfg = Release|x64
		{D96EA0D6-8863-4326-ABE9-D15EEDF94017}.Release|x64.Build.0 = Release|x64
		{D96EA0D6-8863-4326-ABE9-D15EEDF94017}.Release|x86.ActiveCfg = Release|Win32
		{D96EA0D6-8863-4326-ABE9-D15EEDF94017}.Release|x86.Build.0 = Release|Win32
		{BC529648-F130-440E-8080-59F26C508A81}.Debug|x64.ActiveCfg = Debug|x64
		{BC529648-F130-440E-8080-59F26C508A81}.Debug|x64.Build.0 = Debug|x64
		{BC529648-F130-440E-8080-59F26C508A81}.Debug|x86.ActiveCfg = Debug|Win32
		{BC529648-F130-440E-8080-59F26C508A81}.Debug|x86.Build.0 = Debug|Win32
		{BC529648-F130-440E-8080-59F26C508A81}.Release|x64.ActiveCfg = Release|x64
		{BC529648-F130-440E-8080-59F26C508A81}.Release|x64.Build.0 = Release|x64
		{BC529648-F130-440E-8080-59F26C508A81}.Release|x86.ActiveCfg = Release|Win32
		{BC529648-F130-440E-8080-59F26C508A81}.Release|x86.Build.0 = Release|Win32
		{A1C53F68-02B9-483A-951D-4758361C0E43}.Debug|x64.ActiveCfg = Debug|x64
		{A1C53F68-02B9-483A-951D-4758361C0E43}.Debug|x64.Build.0 = Debug|x64
		{A1C53F68-02B9-483A-951D-4758361C0E43}.Debug|x86.ActiveCfg = Debug|Win32
		{A1C53F68-02B9-483A-951D-4758361C0E43}.Debug|x86.Build.0 = Debug|Win32
		{A1C53F68-02B9-483A-951D-4758361C0E43}.Release|x64.ActiveCfg = Release|x64
		{A1C53F68-02B9-483A-951D-4758361C0E43}.Release|x64.Build.0 = Release|x64
		{A1C53F68-02B9-483A-951D-4758361C0E43}.Release|x86.ActiveCfg = Release|Win32
		{A1C53F68-02B9-483A-951D-4758361C0E43}.Release|x86.Build.0 = Release|Win32
	EndGlobalSection
	GlobalSection(SolutionProperties) = preSolution
		HideSolutionNode = FALSE
	EndGlobalSection
	GlobalSection(ExtensibilityGlobals) = postSolution
		SolutionGuid = {CB81DF68-52FD-4E90-A440-27A355F61D86}
	EndGlobalSection
EndGlobal
